
Microsoft Visual Studio Solution File, Format Version 12.00
# Visual Studio Version 17
VisualStudioVersion = 17.4.33103.184
MinimumVisualStudioVersion = 10.0.40219.1
Project("{9A19103F-16F7-4668-BE54-9A1E7A4F7556}") = "Catalog.API", "Services\Catalog\Catalog.API\Catalog.API.csproj", "{5F35939E-8F53-431E-8499-2CD377B49EFA}"
EndProject
Project("{E53339B2-1760-4266-BCC7-CA923CBCF16C}") = "docker-compose", "docker-compose.dcproj", "{EC3B11E8-ACE9-47EE-BD3B-66219735A8F0}"
EndProject
Project("{9A19103F-16F7-4668-BE54-9A1E7A4F7556}") = "Basket.API", "Services\Basket\Basket.API\Basket.API.csproj", "{176B1355-A768-4FFC-A6A0-B11BB5548139}"
EndProject
Project("{9A19103F-16F7-4668-BE54-9A1E7A4F7556}") = "Discount.API", "Services\Discount\Discount.API\Discount.API.csproj", "{882D4822-763D-47E6-AA41-942E70982FDD}"
EndProject
Project("{9A19103F-16F7-4668-BE54-9A1E7A4F7556}") = "Discount.Grpc", "Services\Discount\Discount.Grpc\Discount.Grpc.csproj", "{CE306228-87A1-45C6-8C12-B1CED79C038D}"
EndProject
Global
	GlobalSection(SolutionConfigurationPlatforms) = preSolution
		Debug|Any CPU = Debug|Any CPU
		Release|Any CPU = Release|Any CPU
	EndGlobalSection
	GlobalSection(ProjectConfigurationPlatforms) = postSolution
		{5F35939E-8F53-431E-8499-2CD377B49EFA}.Debug|Any CPU.ActiveCfg = Debug|Any CPU
		{5F35939E-8F53-431E-8499-2CD377B49EFA}.Debug|Any CPU.Build.0 = Debug|Any CPU
		{5F35939E-8F53-431E-8499-2CD377B49EFA}.Release|Any CPU.ActiveCfg = Release|Any CPU
		{5F35939E-8F53-431E-8499-2CD377B49EFA}.Release|Any CPU.Build.0 = Release|Any CPU
		{EC3B11E8-ACE9-47EE-BD3B-66219735A8F0}.Debug|Any CPU.ActiveCfg = Debug|Any CPU
		{EC3B11E8-ACE9-47EE-BD3B-66219735A8F0}.Debug|Any CPU.Build.0 = Debug|Any CPU
		{EC3B11E8-ACE9-47EE-BD3B-66219735A8F0}.Release|Any CPU.ActiveCfg = Release|Any CPU
		{EC3B11E8-ACE9-47EE-BD3B-66219735A8F0}.Release|Any CPU.Build.0 = Release|Any CPU
		{176B1355-A768-4FFC-A6A0-B11BB5548139}.Debug|Any CPU.ActiveCfg = Debug|Any CPU
		{176B1355-A768-4FFC-A6A0-B11BB5548139}.Debug|Any CPU.Build.0 = Debug|Any CPU
		{176B1355-A768-4FFC-A6A0-B11BB5548139}.Release|Any CPU.ActiveCfg = Release|Any CPU
		{176B1355-A768-4FFC-A6A0-B11BB5548139}.Release|Any CPU.Build.0 = Release|Any CPU
		{882D4822-763D-47E6-AA41-942E70982FDD}.Debug|Any CPU.ActiveCfg = Debug|Any CPU
		{882D4822-763D-47E6-AA41-942E70982FDD}.Debug|Any CPU.Build.0 = Debug|Any CPU
		{882D4822-763D-47E6-AA41-942E70982FDD}.Release|Any CPU.ActiveCfg = Release|Any CPU
		{882D4822-763D-47E6-AA41-942E70982FDD}.Release|Any CPU.Build.0 = Release|Any CPU
		{CE306228-87A1-45C6-8C12-B1CED79C038D}.Debug|Any CPU.ActiveCfg = Debug|Any CPU
		{CE306228-87A1-45C6-8C12-B1CED79C038D}.Debug|Any CPU.Build.0 = Debug|Any CPU
		{CE306228-87A1-45C6-8C12-B1CED79C038D}.Release|Any CPU.ActiveCfg = Release|Any CPU
		{CE306228-87A1-45C6-8C12-B1CED79C038D}.Release|Any CPU.Build.0 = Release|Any CPU
	EndGlobalSection
	GlobalSection(SolutionProperties) = preSolution
		HideSolutionNode = FALSE
	EndGlobalSection
	GlobalSection(ExtensibilityGlobals) = postSolution
		SolutionGuid = {449735E6-0F3A-4E68-B328-53ADEFB514B3}
	EndGlobalSection
EndGlobal
